
Microsoft Visual Studio Solution File, Format Version 12.00
# Visual Studio 14
VisualStudioVersion = 14.0.25123.0
MinimumVisualStudioVersion = 10.0.40219.1
Project("{5DA7C2C8-C271-4BE2-9F47-4EB015ED948C}") = "Sitecore.Support.307714", "Sitecore.Support.307714\Sitecore.Support.307714.csproj", "{29730B49-4C0C-4F89-8198-5A8E0DD06A33}"
EndProject
Global
	GlobalSection(SolutionConfigurationPlatforms) = preSolution
		Debug|Any CPU = Debug|Any CPU
		Release|Any CPU = Release|Any CPU
	EndGlobalSection
	GlobalSection(ProjectConfigurationPlatforms) = postSolution
		{29730B49-4C0C-4F89-8198-5A8E0DD06A33}.Debug|Any CPU.ActiveCfg = Debug|Any CPU
		{29730B49-4C0C-4F89-8198-5A8E0DD06A33}.Debug|Any CPU.Build.0 = Debug|Any CPU
		{29730B49-4C0C-4F89-8198-5A8E0DD06A33}.Release|Any CPU.ActiveCfg = Release|Any CPU
		{29730B49-4C0C-4F89-8198-5A8E0DD06A33}.Release|Any CPU.Build.0 = Release|Any CPU
	EndGlobalSection
	GlobalSection(SolutionProperties) = preSolution
		HideSolutionNode = FALSE
	EndGlobalSection
EndGlobal
